Microsoft Visual Studio Solution File, Format Version 12.00
# Visual Studio Version 17
VisualStudioVersion = 17.5.2.0
MinimumVisualStudioVersion = 10.0.40219.1
Project("{FAE04EC0-301F-11D3-BF4B-00C04F79EFBC}") = "EventListener", "EventListener.csproj", "{B7C22C03-5A59-EB35-41CA-FC1E9A018730}"
EndProject
Global
	GlobalSection(SolutionConfigurationPlatforms) = preSolution
		Debug|Any CPU = Debug|Any CPU
		Release|Any CPU = Release|Any CPU
	EndGlobalSection
	GlobalSection(ProjectConfigurationPlatforms) = postSolution
		{B7C22C03-5A59-EB35-41CA-FC1E9A018730}.Debug|Any CPU.ActiveCfg = Debug|Any CPU
		{B7C22C03-5A59-EB35-41CA-FC1E9A018730}.Debug|Any CPU.Build.0 = Debug|Any CPU
		{B7C22C03-5A59-EB35-41CA-FC1E9A018730}.Release|Any CPU.ActiveCfg = Release|Any CPU
		{B7C22C03-5A59-EB35-41CA-FC1E9A018730}.Release|Any CPU.Build.0 = Release|Any CPU
	EndGlobalSection
	GlobalSection(SolutionProperties) = preSolution
		HideSolutionNode = FALSE
	EndGlobalSection
	GlobalSection(ExtensibilityGlobals) = postSolution
		SolutionGuid = {5629B290-F6F5-4D07-94AC-4F67754B9178}
	EndGlobalSection
EndGlobal
