Microsoft Visual Studio Solution File, Format Version 12.00
# Visual Studio Version 17
VisualStudioVersion = 17.5.2.0
MinimumVisualStudioVersion = 10.0.40219.1
Project("{FAE04EC0-301F-11D3-BF4B-00C04F79EFBC}") = "EventBusInterface", "EventBusInterface.csproj", "{DAA76DD8-6899-5870-2BF2-180FDC2F4239}"
EndProject
Global
	GlobalSection(SolutionConfigurationPlatforms) = preSolution
		Debug|Any CPU = Debug|Any CPU
		Release|Any CPU = Release|Any CPU
	EndGlobalSection
	GlobalSection(ProjectConfigurationPlatforms) = postSolution
		{DAA76DD8-6899-5870-2BF2-180FDC2F4239}.Debug|Any CPU.ActiveCfg = Debug|Any CPU
		{DAA76DD8-6899-5870-2BF2-180FDC2F4239}.Debug|Any CPU.Build.0 = Debug|Any CPU
		{DAA76DD8-6899-5870-2BF2-180FDC2F4239}.Release|Any CPU.ActiveCfg = Release|Any CPU
		{DAA76DD8-6899-5870-2BF2-180FDC2F4239}.Release|Any CPU.Build.0 = Release|Any CPU
	EndGlobalSection
	GlobalSection(SolutionProperties) = preSolution
		HideSolutionNode = FALSE
	EndGlobalSection
	GlobalSection(ExtensibilityGlobals) = postSolution
		SolutionGuid = {A8EC5BE8-9DFB-4B25-ABF1-C43216E87C49}
	EndGlobalSection
EndGlobal
