Microsoft Visual Studio Solution File, Format Version 12.00
# Visual Studio Version 17
VisualStudioVersion = 17.5.2.0
MinimumVisualStudioVersion = 10.0.40219.1
Project("{FAE04EC0-301F-11D3-BF4B-00C04F79EFBC}") = "RecipeCatalogue", "RecipeCatalogue.csproj", "{4C041FD6-9DCC-7B8C-9DA7-497148E89AF3}"
EndProject
Global
	GlobalSection(SolutionConfigurationPlatforms) = preSolution
		Debug|Any CPU = Debug|Any CPU
		Release|Any CPU = Release|Any CPU
	EndGlobalSection
	GlobalSection(ProjectConfigurationPlatforms) = postSolution
		{4C041FD6-9DCC-7B8C-9DA7-497148E89AF3}.Debug|Any CPU.ActiveCfg = Debug|Any CPU
		{4C041FD6-9DCC-7B8C-9DA7-497148E89AF3}.Debug|Any CPU.Build.0 = Debug|Any CPU
		{4C041FD6-9DCC-7B8C-9DA7-497148E89AF3}.Release|Any CPU.ActiveCfg = Release|Any CPU
		{4C041FD6-9DCC-7B8C-9DA7-497148E89AF3}.Release|Any CPU.Build.0 = Release|Any CPU
	EndGlobalSection
	GlobalSection(SolutionProperties) = preSolution
		HideSolutionNode = FALSE
	EndGlobalSection
	GlobalSection(ExtensibilityGlobals) = postSolution
		SolutionGuid = {4442A6AC-5D12-44AD-A1C4-C5BDFA9D4DBF}
	EndGlobalSection
EndGlobal
